// !$*UTF8*$!
{
	archiveVersion = 1;
	classes = {
	};
	objectVersion = 56;
	objects = {

/* Begin PBXBuildFile section */
		C7049FA52B56A7ED00F0D94F /* RegistrationView.swift in Sources */ = {isa = PBXBuildFile; fileRef = C7049FA32B56A7ED00F0D94F /* RegistrationView.swift */; };
		C7049FA62B56A7ED00F0D94F /* RegistrationViewModel.swift in Sources */ = {isa = PBXBuildFile; fileRef = C7049FA42B56A7ED00F0D94F /* RegistrationViewModel.swift */; };
		C7049FAB2B56A84900F0D94F /* AuthViewModel.swift in Sources */ = {isa = PBXBuildFile; fileRef = C7049FAA2B56A84900F0D94F /* AuthViewModel.swift */; };
		C7049FAD2B56AB8B00F0D94F /* GoogleService-Info.plist in Resources */ = {isa = PBXBuildFile; fileRef = C7049FAC2B56AB8B00F0D94F /* GoogleService-Info.plist */; };
		C7049FAF2B56AC0F00F0D94F /* FirebaseAnalytics in Frameworks */ = {isa = PBXBuildFile; productRef = C7049FAE2B56AC0F00F0D94F /* FirebaseAnalytics */; };
		C7049FB12B56AC0F00F0D94F /* FirebaseAnalyticsOnDeviceConversion in Frameworks */ = {isa = PBXBuildFile; productRef = C7049FB02B56AC0F00F0D94F /* FirebaseAnalyticsOnDeviceConversion */; };
		C7049FB32B56AC0F00F0D94F /* FirebaseAnalyticsSwift in Frameworks */ = {isa = PBXBuildFile; productRef = C7049FB22B56AC0F00F0D94F /* FirebaseAnalyticsSwift */; };
		C7049FB52B56AC0F00F0D94F /* FirebaseAnalyticsWithoutAdIdSupport in Frameworks */ = {isa = PBXBuildFile; productRef = C7049FB42B56AC0F00F0D94F /* FirebaseAnalyticsWithoutAdIdSupport */; };
		C7049FB72B56AC0F00F0D94F /* FirebaseAppCheck in Frameworks */ = {isa = PBXBuildFile; productRef = C7049FB62B56AC0F00F0D94F /* FirebaseAppCheck */; };
		C7049FB92B56AC0F00F0D94F /* FirebaseAppDistribution-Beta in Frameworks */ = {isa = PBXBuildFile; productRef = C7049FB82B56AC0F00F0D94F /* FirebaseAppDistribution-Beta */; };
		C7049FBB2B56AC0F00F0D94F /* FirebaseAuth in Frameworks */ = {isa = PBXBuildFile; productRef = C7049FBA2B56AC0F00F0D94F /* FirebaseAuth */; };
		C7049FBD2B56AC0F00F0D94F /* FirebaseAuthCombine-Community in Frameworks */ = {isa = PBXBuildFile; productRef = C7049FBC2B56AC0F00F0D94F /* FirebaseAuthCombine-Community */; };
		C7049FBF2B56AC0F00F0D94F /* FirebaseCrashlytics in Frameworks */ = {isa = PBXBuildFile; productRef = C7049FBE2B56AC0F00F0D94F /* FirebaseCrashlytics */; };
		C7049FC12B56AC0F00F0D94F /* FirebaseDatabase in Frameworks */ = {isa = PBXBuildFile; productRef = C7049FC02B56AC0F00F0D94F /* FirebaseDatabase */; };
		C7049FC32B56AC0F00F0D94F /* FirebaseDatabaseSwift in Frameworks */ = {isa = PBXBuildFile; productRef = C7049FC22B56AC0F00F0D94F /* FirebaseDatabaseSwift */; };
		C7049FC52B56AC0F00F0D94F /* FirebaseDynamicLinks in Frameworks */ = {isa = PBXBuildFile; productRef = C7049FC42B56AC0F00F0D94F /* FirebaseDynamicLinks */; };
		C7049FC72B56AC0F00F0D94F /* FirebaseFirestore in Frameworks */ = {isa = PBXBuildFile; productRef = C7049FC62B56AC0F00F0D94F /* FirebaseFirestore */; };
		C7049FC92B56AC0F00F0D94F /* FirebaseFirestoreCombine-Community in Frameworks */ = {isa = PBXBuildFile; productRef = C7049FC82B56AC0F00F0D94F /* FirebaseFirestoreCombine-Community */; };
		C7049FCB2B56AC0F00F0D94F /* FirebaseFirestoreSwift in Frameworks */ = {isa = PBXBuildFile; productRef = C7049FCA2B56AC0F00F0D94F /* FirebaseFirestoreSwift */; };
		C7049FCD2B56AC0F00F0D94F /* FirebaseFunctions in Frameworks */ = {isa = PBXBuildFile; productRef = C7049FCC2B56AC0F00F0D94F /* FirebaseFunctions */; };
		C7049FCF2B56AC0F00F0D94F /* FirebaseFunctionsCombine-Community in Frameworks */ = {isa = PBXBuildFile; productRef = C7049FCE2B56AC0F00F0D94F /* FirebaseFunctionsCombine-Community */; };
		C7049FD12B56AC0F00F0D94F /* FirebaseInAppMessaging-Beta in Frameworks */ = {isa = PBXBuildFile; productRef = C7049FD02B56AC0F00F0D94F /* FirebaseInAppMessaging-Beta */; };
		C7049FD32B56AC0F00F0D94F /* FirebaseInAppMessagingSwift-Beta in Frameworks */ = {isa = PBXBuildFile; productRef = C7049FD22B56AC0F00F0D94F /* FirebaseInAppMessagingSwift-Beta */; };
		C7049FD52B56AC0F00F0D94F /* FirebaseInstallations in Frameworks */ = {isa = PBXBuildFile; productRef = C7049FD42B56AC0F00F0D94F /* FirebaseInstallations */; };
		C7049FD72B56AC0F00F0D94F /* FirebaseMLModelDownloader in Frameworks */ = {isa = PBXBuildFile; productRef = C7049FD62B56AC0F00F0D94F /* FirebaseMLModelDownloader */; };
		C7049FD92B56AC0F00F0D94F /* FirebaseMessaging in Frameworks */ = {isa = PBXBuildFile; productRef = C7049FD82B56AC0F00F0D94F /* FirebaseMessaging */; };
		C7049FDB2B56AC0F00F0D94F /* FirebasePerformance in Frameworks */ = {isa = PBXBuildFile; productRef = C7049FDA2B56AC0F00F0D94F /* FirebasePerformance */; };
		C7049FDD2B56AC0F00F0D94F /* FirebaseRemoteConfig in Frameworks */ = {isa = PBXBuildFile; productRef = C7049FDC2B56AC0F00F0D94F /* FirebaseRemoteConfig */; };
		C7049FDF2B56AC0F00F0D94F /* FirebaseRemoteConfigSwift in Frameworks */ = {isa = PBXBuildFile; productRef = C7049FDE2B56AC0F00F0D94F /* FirebaseRemoteConfigSwift */; };
		C7049FE12B56AC0F00F0D94F /* FirebaseStorage in Frameworks */ = {isa = PBXBuildFile; productRef = C7049FE02B56AC0F00F0D94F /* FirebaseStorage */; };
		C7049FE32B56AC0F00F0D94F /* FirebaseStorageCombine-Community in Frameworks */ = {isa = PBXBuildFile; productRef = C7049FE22B56AC0F00F0D94F /* FirebaseStorageCombine-Community */; };
		C7049FE62B56AD9F00F0D94F /* User.swift in Sources */ = {isa = PBXBuildFile; fileRef = C7049FE52B56AD9F00F0D94F /* User.swift */; };
		C724095D2B5551070092839F /* FirebaseAnalytics in Frameworks */ = {isa = PBXBuildFile; productRef = C724095C2B5551070092839F /* FirebaseAnalytics */; };
		C724095F2B5551070092839F /* FirebaseAnalyticsOnDeviceConversion in Frameworks */ = {isa = PBXBuildFile; productRef = C724095E2B5551070092839F /* FirebaseAnalyticsOnDeviceConversion */; };
		C72409612B5551070092839F /* FirebaseAnalyticsSwift in Frameworks */ = {isa = PBXBuildFile; productRef = C72409602B5551070092839F /* FirebaseAnalyticsSwift */; };
		C72409632B5551070092839F /* FirebaseAnalyticsWithoutAdIdSupport in Frameworks */ = {isa = PBXBuildFile; productRef = C72409622B5551070092839F /* FirebaseAnalyticsWithoutAdIdSupport */; };
		C72409652B5551070092839F /* FirebaseAppCheck in Frameworks */ = {isa = PBXBuildFile; productRef = C72409642B5551070092839F /* FirebaseAppCheck */; };
		C72409672B5551070092839F /* FirebaseAppDistribution-Beta in Frameworks */ = {isa = PBXBuildFile; productRef = C72409662B5551070092839F /* FirebaseAppDistribution-Beta */; };
		C72409692B5551070092839F /* FirebaseAuth in Frameworks */ = {isa = PBXBuildFile; productRef = C72409682B5551070092839F /* FirebaseAuth */; };
		C724096B2B5551070092839F /* FirebaseAuthCombine-Community in Frameworks */ = {isa = PBXBuildFile; productRef = C724096A2B5551070092839F /* FirebaseAuthCombine-Community */; };
		C724096D2B5551070092839F /* FirebaseCrashlytics in Frameworks */ = {isa = PBXBuildFile; productRef = C724096C2B5551070092839F /* FirebaseCrashlytics */; };
		C724096F2B5551070092839F /* FirebaseDatabase in Frameworks */ = {isa = PBXBuildFile; productRef = C724096E2B5551070092839F /* FirebaseDatabase */; };
		C72409712B5551070092839F /* FirebaseDatabaseSwift in Frameworks */ = {isa = PBXBuildFile; productRef = C72409702B5551070092839F /* FirebaseDatabaseSwift */; };
		C72409732B5551070092839F /* FirebaseDynamicLinks in Frameworks */ = {isa = PBXBuildFile; productRef = C72409722B5551070092839F /* FirebaseDynamicLinks */; };
		C72409752B5551070092839F /* FirebaseFirestore in Frameworks */ = {isa = PBXBuildFile; productRef = C72409742B5551070092839F /* FirebaseFirestore */; };
		C72409772B5551070092839F /* FirebaseFirestoreCombine-Community in Frameworks */ = {isa = PBXBuildFile; productRef = C72409762B5551070092839F /* FirebaseFirestoreCombine-Community */; };
		C72409792B5551070092839F /* FirebaseFirestoreSwift in Frameworks */ = {isa = PBXBuildFile; productRef = C72409782B5551070092839F /* FirebaseFirestoreSwift */; };
		C724097B2B5551070092839F /* FirebaseFunctions in Frameworks */ = {isa = PBXBuildFile; productRef = C724097A2B5551070092839F /* FirebaseFunctions */; };
		C724097D2B5551070092839F /* FirebaseFunctionsCombine-Community in Frameworks */ = {isa = PBXBuildFile; productRef = C724097C2B5551070092839F /* FirebaseFunctionsCombine-Community */; };
		C724097F2B5551070092839F /* FirebaseInAppMessaging-Beta in Frameworks */ = {isa = PBXBuildFile; productRef = C724097E2B5551070092839F /* FirebaseInAppMessaging-Beta */; };
		C72409812B5551070092839F /* FirebaseInAppMessagingSwift-Beta in Frameworks */ = {isa = PBXBuildFile; productRef = C72409802B5551070092839F /* FirebaseInAppMessagingSwift-Beta */; };
		C72409832B5551070092839F /* FirebaseInstallations in Frameworks */ = {isa = PBXBuildFile; productRef = C72409822B5551070092839F /* FirebaseInstallations */; };
		C72409852B5551070092839F /* FirebaseMLModelDownloader in Frameworks */ = {isa = PBXBuildFile; productRef = C72409842B5551070092839F /* FirebaseMLModelDownloader */; };
		C72409872B5551070092839F /* FirebaseMessaging in Frameworks */ = {isa = PBXBuildFile; productRef = C72409862B5551070092839F /* FirebaseMessaging */; };
		C72409892B5551070092839F /* FirebasePerformance in Frameworks */ = {isa = PBXBuildFile; productRef = C72409882B5551070092839F /* FirebasePerformance */; };
		C724098B2B5551070092839F /* FirebaseRemoteConfig in Frameworks */ = {isa = PBXBuildFile; productRef = C724098A2B5551070092839F /* FirebaseRemoteConfig */; };
		C724098D2B5551070092839F /* FirebaseRemoteConfigSwift in Frameworks */ = {isa = PBXBuildFile; productRef = C724098C2B5551070092839F /* FirebaseRemoteConfigSwift */; };
		C724098F2B5551070092839F /* FirebaseStorage in Frameworks */ = {isa = PBXBuildFile; productRef = C724098E2B5551070092839F /* FirebaseStorage */; };
		C72409912B5551070092839F /* FirebaseStorageCombine-Community in Frameworks */ = {isa = PBXBuildFile; productRef = C72409902B5551070092839F /* FirebaseStorageCombine-Community */; };
		C760A7992B56249000784452 /* InputView.swift in Sources */ = {isa = PBXBuildFile; fileRef = C760A7982B56249000784452 /* InputView.swift */; };
		C7AC6CE82B5503D800697D07 /* ChatGPTAPPApp.swift in Sources */ = {isa = PBXBuildFile; fileRef = C7AC6CE72B5503D800697D07 /* ChatGPTAPPApp.swift */; };
		C7AC6CEA2B5503D800697D07 /* LoginView.swift in Sources */ = {isa = PBXBuildFile; fileRef = C7AC6CE92B5503D800697D07 /* LoginView.swift */; };
		C7AC6CEC2B5503D900697D07 /* Assets.xcassets in Resources */ = {isa = PBXBuildFile; fileRef = C7AC6CEB2B5503D900697D07 /* Assets.xcassets */; };
		C7AC6CEF2B5503D900697D07 /* Preview Assets.xcassets in Resources */ = {isa = PBXBuildFile; fileRef = C7AC6CEE2B5503D900697D07 /* Preview Assets.xcassets */; };
		C7AC6CF92B55047E00697D07 /* LoginViewModel.swift in Sources */ = {isa = PBXBuildFile; fileRef = C7AC6CF82B55047E00697D07 /* LoginViewModel.swift */; };
/* End PBXBuildFile section */

/* Begin PBXFileReference section */
		C7049FA32B56A7ED00F0D94F /* RegistrationView.swift */ = {isa = PBXFileReference; fileEncoding = 4; lastKnownFileType = sourcecode.swift; path = RegistrationView.swift; sourceTree = "<group>"; };
		C7049FA42B56A7ED00F0D94F /* RegistrationViewModel.swift */ = {isa = PBXFileReference; fileEncoding = 4; lastKnownFileType = sourcecode.swift; path = RegistrationViewModel.swift; sourceTree = "<group>"; };
		C7049FAA2B56A84900F0D94F /* AuthViewModel.swift */ = {isa = PBXFileReference; fileEncoding = 4; lastKnownFileType = sourcecode.swift; path = AuthViewModel.swift; sourceTree = "<group>"; };
		C7049FAC2B56AB8B00F0D94F /* GoogleService-Info.plist */ = {isa = PBXFileReference; fileEncoding = 4; lastKnownFileType = text.plist.xml; name = "GoogleService-Info.plist"; path = "../../../GoogleService-Info.plist"; sourceTree = "<group>"; };
		C7049FE52B56AD9F00F0D94F /* User.swift */ = {isa = PBXFileReference; fileEncoding = 4; lastKnownFileType = sourcecode.swift; path = User.swift; sourceTree = "<group>"; };
		C760A7982B56249000784452 /* InputView.swift */ = {isa = PBXFileReference; lastKnownFileType = sourcecode.swift; path = InputView.swift; sourceTree = "<group>"; };
		C7AC6CE42B5503D800697D07 /* ChatGPTAPP.app */ = {isa = PBXFileReference; explicitFileType = wrapper.application; includeInIndex = 0; path = ChatGPTAPP.app; sourceTree = BUILT_PRODUCTS_DIR; };
		C7AC6CE72B5503D800697D07 /* ChatGPTAPPApp.swift */ = {isa = PBXFileReference; lastKnownFileType = sourcecode.swift; path = ChatGPTAPPApp.swift; sourceTree = "<group>"; };
		C7AC6CE92B5503D800697D07 /* LoginView.swift */ = {isa = PBXFileReference; lastKnownFileType = sourcecode.swift; path = LoginView.swift; sourceTree = "<group>"; };
		C7AC6CEB2B5503D900697D07 /* Assets.xcassets */ = {isa = PBXFileReference; lastKnownFileType = folder.assetcatalog; path = Assets.xcassets; sourceTree = "<group>"; };
		C7AC6CEE2B5503D900697D07 /* Preview Assets.xcassets */ = {isa = PBXFileReference; lastKnownFileType = folder.assetcatalog; path = "Preview Assets.xcassets"; sourceTree = "<group>"; };
		C7AC6CF82B55047E00697D07 /* LoginViewModel.swift */ = {isa = PBXFileReference; lastKnownFileType = sourcecode.swift; path = LoginViewModel.swift; sourceTree = "<group>"; };
/* End PBXFileReference section */

/* Begin PBXFrameworksBuildPhase section */
		C7AC6CE12B5503D800697D07 /* Frameworks */ = {
			isa = PBXFrameworksBuildPhase;
			buildActionMask = 2147483647;
			files = (
				C724096F2B5551070092839F /* FirebaseDatabase in Frameworks */,
				C724097D2B5551070092839F /* FirebaseFunctionsCombine-Community in Frameworks */,
				C72409752B5551070092839F /* FirebaseFirestore in Frameworks */,
				C7049FD72B56AC0F00F0D94F /* FirebaseMLModelDownloader in Frameworks */,
				C72409612B5551070092839F /* FirebaseAnalyticsSwift in Frameworks */,
				C7049FD32B56AC0F00F0D94F /* FirebaseInAppMessagingSwift-Beta in Frameworks */,
				C724095D2B5551070092839F /* FirebaseAnalytics in Frameworks */,
				C724095F2B5551070092839F /* FirebaseAnalyticsOnDeviceConversion in Frameworks */,
				C72409852B5551070092839F /* FirebaseMLModelDownloader in Frameworks */,
				C72409792B5551070092839F /* FirebaseFirestoreSwift in Frameworks */,
				C72409652B5551070092839F /* FirebaseAppCheck in Frameworks */,
				C72409632B5551070092839F /* FirebaseAnalyticsWithoutAdIdSupport in Frameworks */,
				C7049FD52B56AC0F00F0D94F /* FirebaseInstallations in Frameworks */,
				C72409692B5551070092839F /* FirebaseAuth in Frameworks */,
				C724096D2B5551070092839F /* FirebaseCrashlytics in Frameworks */,
				C724098D2B5551070092839F /* FirebaseRemoteConfigSwift in Frameworks */,
				C7049FE32B56AC0F00F0D94F /* FirebaseStorageCombine-Community in Frameworks */,
				C7049FC72B56AC0F00F0D94F /* FirebaseFirestore in Frameworks */,
				C7049FB12B56AC0F00F0D94F /* FirebaseAnalyticsOnDeviceConversion in Frameworks */,
				C724097F2B5551070092839F /* FirebaseInAppMessaging-Beta in Frameworks */,
				C7049FAF2B56AC0F00F0D94F /* FirebaseAnalytics in Frameworks */,
				C7049FCB2B56AC0F00F0D94F /* FirebaseFirestoreSwift in Frameworks */,
				C7049FDD2B56AC0F00F0D94F /* FirebaseRemoteConfig in Frameworks */,
				C7049FB72B56AC0F00F0D94F /* FirebaseAppCheck in Frameworks */,
				C7049FB52B56AC0F00F0D94F /* FirebaseAnalyticsWithoutAdIdSupport in Frameworks */,
				C7049FE12B56AC0F00F0D94F /* FirebaseStorage in Frameworks */,
				C72409712B5551070092839F /* FirebaseDatabaseSwift in Frameworks */,
				C7049FDF2B56AC0F00F0D94F /* FirebaseRemoteConfigSwift in Frameworks */,
				C7049FBD2B56AC0F00F0D94F /* FirebaseAuthCombine-Community in Frameworks */,
				C7049FBB2B56AC0F00F0D94F /* FirebaseAuth in Frameworks */,
				C724097B2B5551070092839F /* FirebaseFunctions in Frameworks */,
				C7049FB92B56AC0F00F0D94F /* FirebaseAppDistribution-Beta in Frameworks */,
				C72409912B5551070092839F /* FirebaseStorageCombine-Community in Frameworks */,
				C724098B2B5551070092839F /* FirebaseRemoteConfig in Frameworks */,
				C72409672B5551070092839F /* FirebaseAppDistribution-Beta in Frameworks */,
				C724096B2B5551070092839F /* FirebaseAuthCombine-Community in Frameworks */,
				C7049FD12B56AC0F00F0D94F /* FirebaseInAppMessaging-Beta in Frameworks */,
				C72409892B5551070092839F /* FirebasePerformance in Frameworks */,
				C72409812B5551070092839F /* FirebaseInAppMessagingSwift-Beta in Frameworks */,
				C7049FCF2B56AC0F00F0D94F /* FirebaseFunctionsCombine-Community in Frameworks */,
				C7049FC12B56AC0F00F0D94F /* FirebaseDatabase in Frameworks */,
				C7049FD92B56AC0F00F0D94F /* FirebaseMessaging in Frameworks */,
				C7049FB32B56AC0F00F0D94F /* FirebaseAnalyticsSwift in Frameworks */,
				C7049FCD2B56AC0F00F0D94F /* FirebaseFunctions in Frameworks */,
				C724098F2B5551070092839F /* FirebaseStorage in Frameworks */,
				C7049FC32B56AC0F00F0D94F /* FirebaseDatabaseSwift in Frameworks */,
				C7049FDB2B56AC0F00F0D94F /* FirebasePerformance in Frameworks */,
				C72409732B5551070092839F /* FirebaseDynamicLinks in Frameworks */,
				C72409772B5551070092839F /* FirebaseFirestoreCombine-Community in Frameworks */,
				C7049FBF2B56AC0F00F0D94F /* FirebaseCrashlytics in Frameworks */,
				C72409872B5551070092839F /* FirebaseMessaging in Frameworks */,
				C72409832B5551070092839F /* FirebaseInstallations in Frameworks */,
				C7049FC92B56AC0F00F0D94F /* FirebaseFirestoreCombine-Community in Frameworks */,
				C7049FC52B56AC0F00F0D94F /* FirebaseDynamicLinks in Frameworks */,
			);
			runOnlyForDeploymentPostprocessing = 0;
		};
/* End PBXFrameworksBuildPhase section */

/* Begin PBXGroup section */
		C7049FA92B56A83400F0D94F /* Auth */ = {
			isa = PBXGroup;
			children = (
				C7049FAA2B56A84900F0D94F /* AuthViewModel.swift */,
			);
			path = Auth;
			sourceTree = "<group>";
		};
		C7049FE42B56AD6700F0D94F /* Model */ = {
			isa = PBXGroup;
			children = (
				C7049FE52B56AD9F00F0D94F /* User.swift */,
			);
			path = Model;
			sourceTree = "<group>";
		};
		C760A7962B56242300784452 /* Components */ = {
			isa = PBXGroup;
			children = (
				C760A7982B56249000784452 /* InputView.swift */,
			);
			path = Components;
			sourceTree = "<group>";
		};
		C760A79A2B56309700784452 /* Registration */ = {
			isa = PBXGroup;
			children = (
				C7049FA32B56A7ED00F0D94F /* RegistrationView.swift */,
				C7049FA42B56A7ED00F0D94F /* RegistrationViewModel.swift */,
			);
			path = Registration;
			sourceTree = "<group>";
		};
		C7AC6CDB2B5503D800697D07 = {
			isa = PBXGroup;
			children = (
				C7AC6CE62B5503D800697D07 /* ChatGPTAPP */,
				C7AC6CE52B5503D800697D07 /* Products */,
			);
			sourceTree = "<group>";
		};
		C7AC6CE52B5503D800697D07 /* Products */ = {
			isa = PBXGroup;
			children = (
				C7AC6CE42B5503D800697D07 /* ChatGPTAPP.app */,
			);
			name = Products;
			sourceTree = "<group>";
		};
		C7AC6CE62B5503D800697D07 /* ChatGPTAPP */ = {
			isa = PBXGroup;
			children = (
				C7AC6CF52B5503EB00697D07 /* Views */,
				C7049FE42B56AD6700F0D94F /* Model */,
				C7AC6CE72B5503D800697D07 /* ChatGPTAPPApp.swift */,
				C7AC6CEB2B5503D900697D07 /* Assets.xcassets */,
				C7049FAC2B56AB8B00F0D94F /* GoogleService-Info.plist */,
				C7AC6CED2B5503D900697D07 /* Preview Content */,
			);
			path = ChatGPTAPP;
			sourceTree = "<group>";
		};
		C7AC6CED2B5503D900697D07 /* Preview Content */ = {
			isa = PBXGroup;
			children = (
				C7AC6CEE2B5503D900697D07 /* Preview Assets.xcassets */,
			);
			path = "Preview Content";
			sourceTree = "<group>";
		};
		C7AC6CF52B5503EB00697D07 /* Views */ = {
			isa = PBXGroup;
			children = (
				C7049FA92B56A83400F0D94F /* Auth */,
				C7AC6CFA2B550AE600697D07 /* Login */,
				C760A79A2B56309700784452 /* Registration */,
				C760A7962B56242300784452 /* Components */,
			);
			path = Views;
			sourceTree = "<group>";
		};
		C7AC6CFA2B550AE600697D07 /* Login */ = {
			isa = PBXGroup;
			children = (
				C7AC6CE92B5503D800697D07 /* LoginView.swift */,
				C7AC6CF82B55047E00697D07 /* LoginViewModel.swift */,
			);
			path = Login;
			sourceTree = "<group>";
		};
/* End PBXGroup section */

/* Begin PBXNativeTarget section */
		C7AC6CE32B5503D800697D07 /* ChatGPTAPP */ = {
			isa = PBXNativeTarget;
			buildConfigurationList = C7AC6CF22B5503D900697D07 /* Build configuration list for PBXNativeTarget "ChatGPTAPP" */;
			buildPhases = (
				C7AC6CE02B5503D800697D07 /* Sources */,
				C7AC6CE12B5503D800697D07 /* Frameworks */,
				C7AC6CE22B5503D800697D07 /* Resources */,
			);
			buildRules = (
			);
			dependencies = (
			);
			name = ChatGPTAPP;
			packageProductDependencies = (
				C724095C2B5551070092839F /* FirebaseAnalytics */,
				C724095E2B5551070092839F /* FirebaseAnalyticsOnDeviceConversion */,
				C72409602B5551070092839F /* FirebaseAnalyticsSwift */,
				C72409622B5551070092839F /* FirebaseAnalyticsWithoutAdIdSupport */,
				C72409642B5551070092839F /* FirebaseAppCheck */,
				C72409662B5551070092839F /* FirebaseAppDistribution-Beta */,
				C72409682B5551070092839F /* FirebaseAuth */,
				C724096A2B5551070092839F /* FirebaseAuthCombine-Community */,
				C724096C2B5551070092839F /* FirebaseCrashlytics */,
				C724096E2B5551070092839F /* FirebaseDatabase */,
				C72409702B5551070092839F /* FirebaseDatabaseSwift */,
				C72409722B5551070092839F /* FirebaseDynamicLinks */,
				C72409742B5551070092839F /* FirebaseFirestore */,
				C72409762B5551070092839F /* FirebaseFirestoreCombine-Community */,
				C72409782B5551070092839F /* FirebaseFirestoreSwift */,
				C724097A2B5551070092839F /* FirebaseFunctions */,
				C724097C2B5551070092839F /* FirebaseFunctionsCombine-Community */,
				C724097E2B5551070092839F /* FirebaseInAppMessaging-Beta */,
				C72409802B5551070092839F /* FirebaseInAppMessagingSwift-Beta */,
				C72409822B5551070092839F /* FirebaseInstallations */,
				C72409842B5551070092839F /* FirebaseMLModelDownloader */,
				C72409862B5551070092839F /* FirebaseMessaging */,
				C72409882B5551070092839F /* FirebasePerformance */,
				C724098A2B5551070092839F /* FirebaseRemoteConfig */,
				C724098C2B5551070092839F /* FirebaseRemoteConfigSwift */,
				C724098E2B5551070092839F /* FirebaseStorage */,
				C72409902B5551070092839F /* FirebaseStorageCombine-Community */,
				C7049FAE2B56AC0F00F0D94F /* FirebaseAnalytics */,
				C7049FB02B56AC0F00F0D94F /* FirebaseAnalyticsOnDeviceConversion */,
				C7049FB22B56AC0F00F0D94F /* FirebaseAnalyticsSwift */,
				C7049FB42B56AC0F00F0D94F /* FirebaseAnalyticsWithoutAdIdSupport */,
				C7049FB62B56AC0F00F0D94F /* FirebaseAppCheck */,
				C7049FB82B56AC0F00F0D94F /* FirebaseAppDistribution-Beta */,
				C7049FBA2B56AC0F00F0D94F /* FirebaseAuth */,
				C7049FBC2B56AC0F00F0D94F /* FirebaseAuthCombine-Community */,
				C7049FBE2B56AC0F00F0D94F /* FirebaseCrashlytics */,
				C7049FC02B56AC0F00F0D94F /* FirebaseDatabase */,
				C7049FC22B56AC0F00F0D94F /* FirebaseDatabaseSwift */,
				C7049FC42B56AC0F00F0D94F /* FirebaseDynamicLinks */,
				C7049FC62B56AC0F00F0D94F /* FirebaseFirestore */,
				C7049FC82B56AC0F00F0D94F /* FirebaseFirestoreCombine-Community */,
				C7049FCA2B56AC0F00F0D94F /* FirebaseFirestoreSwift */,
				C7049FCC2B56AC0F00F0D94F /* FirebaseFunctions */,
				C7049FCE2B56AC0F00F0D94F /* FirebaseFunctionsCombine-Community */,
				C7049FD02B56AC0F00F0D94F /* FirebaseInAppMessaging-Beta */,
				C7049FD22B56AC0F00F0D94F /* FirebaseInAppMessagingSwift-Beta */,
				C7049FD42B56AC0F00F0D94F /* FirebaseInstallations */,
				C7049FD62B56AC0F00F0D94F /* FirebaseMLModelDownloader */,
				C7049FD82B56AC0F00F0D94F /* FirebaseMessaging */,
				C7049FDA2B56AC0F00F0D94F /* FirebasePerformance */,
				C7049FDC2B56AC0F00F0D94F /* FirebaseRemoteConfig */,
				C7049FDE2B56AC0F00F0D94F /* FirebaseRemoteConfigSwift */,
				C7049FE02B56AC0F00F0D94F /* FirebaseStorage */,
				C7049FE22B56AC0F00F0D94F /* FirebaseStorageCombine-Community */,
			);
			productName = ChatGPTAPP;
			productReference = C7AC6CE42B5503D800697D07 /* ChatGPTAPP.app */;
			productType = "com.apple.product-type.application";
		};
/* End PBXNativeTarget section */

/* Begin PBXProject section */
		C7AC6CDC2B5503D800697D07 /* Project object */ = {
			isa = PBXProject;
			attributes = {
				BuildIndependentTargetsInParallel = 1;
				LastSwiftUpdateCheck = 1520;
				LastUpgradeCheck = 1520;
				TargetAttributes = {
					C7AC6CE32B5503D800697D07 = {
						CreatedOnToolsVersion = 15.2;
					};
				};
			};
			buildConfigurationList = C7AC6CDF2B5503D800697D07 /* Build configuration list for PBXProject "ChatGPTAPP" */;
			compatibilityVersion = "Xcode 14.0";
			developmentRegion = en;
			hasScannedForEncodings = 0;
			knownRegions = (
				en,
				Base,
			);
			mainGroup = C7AC6CDB2B5503D800697D07;
			packageReferences = (
				C724095B2B5551070092839F /* XCRemoteSwiftPackageReference "firebase-ios-sdk" */,
			);
			productRefGroup = C7AC6CE52B5503D800697D07 /* Products */;
			projectDirPath = "";
			projectRoot = "";
			targets = (
				C7AC6CE32B5503D800697D07 /* ChatGPTAPP */,
			);
		};
/* End PBXProject section */

/* Begin PBXResourcesBuildPhase section */
		C7AC6CE22B5503D800697D07 /* Resources */ = {
			isa = PBXResourcesBuildPhase;
			buildActionMask = 2147483647;
			files = (
				C7AC6CEF2B5503D900697D07 /* Preview Assets.xcassets in Resources */,
				C7AC6CEC2B5503D900697D07 /* Assets.xcassets in Resources */,
				C7049FAD2B56AB8B00F0D94F /* GoogleService-Info.plist in Resources */,
			);
			runOnlyForDeploymentPostprocessing = 0;
		};
/* End PBXResourcesBuildPhase section */

/* Begin PBXSourcesBuildPhase section */
		C7AC6CE02B5503D800697D07 /* Sources */ = {
			isa = PBXSourcesBuildPhase;
			buildActionMask = 2147483647;
			files = (
				C7AC6CEA2B5503D800697D07 /* LoginView.swift in Sources */,
				C7049FA62B56A7ED00F0D94F /* RegistrationViewModel.swift in Sources */,
				C7AC6CE82B5503D800697D07 /* ChatGPTAPPApp.swift in Sources */,
				C7049FAB2B56A84900F0D94F /* AuthViewModel.swift in Sources */,
				C7049FE62B56AD9F00F0D94F /* User.swift in Sources */,
				C760A7992B56249000784452 /* InputView.swift in Sources */,
				C7AC6CF92B55047E00697D07 /* LoginViewModel.swift in Sources */,
				C7049FA52B56A7ED00F0D94F /* RegistrationView.swift in Sources */,
			);
			runOnlyForDeploymentPostprocessing = 0;
		};
/* End PBXSourcesBuildPhase section */

/* Begin XCBuildConfiguration section */
		C7AC6CF02B5503D900697D07 /* Debug */ = {
			isa = XCBuildConfiguration;
			buildSettings = {
				ALWAYS_SEARCH_USER_PATHS = NO;
				ASSETCATALOG_COMPILER_GENERATE_SWIFT_ASSET_SYMBOL_EXTENSIONS = YES;
				CLANG_ANALYZER_NONNULL = YES;
				CLANG_ANALYZER_NUMBER_OBJECT_CONVERSION = YES_AGGRESSIVE;
				CLANG_CXX_LANGUAGE_STANDARD = "gnu++20";
				CLANG_ENABLE_MODULES = YES;
				CLANG_ENABLE_OBJC_ARC = YES;
				CLANG_ENABLE_OBJC_WEAK = YES;
				CLANG_WARN_BLOCK_CAPTURE_AUTORELEASING = YES;
				CLANG_WARN_BOOL_CONVERSION = YES;
				CLANG_WARN_COMMA = YES;
				CLANG_WARN_CONSTANT_CONVERSION = YES;
				CLANG_WARN_DEPRECATED_OBJC_IMPLEMENTATIONS = YES;
				CLANG_WARN_DIRECT_OBJC_ISA_USAGE = YES_ERROR;
				CLANG_WARN_DOCUMENTATION_COMMENTS = YES;
				CLANG_WARN_EMPTY_BODY = YES;
				CLANG_WARN_ENUM_CONVERSION = YES;
				CLANG_WARN_INFINITE_RECURSION = YES;
				CLANG_WARN_INT_CONVERSION = YES;
				CLANG_WARN_NON_LITERAL_NULL_CONVERSION = YES;
				CLANG_WARN_OBJC_IMPLICIT_RETAIN_SELF = YES;
				CLANG_WARN_OBJC_LITERAL_CONVERSION = YES;
				CLANG_WARN_OBJC_ROOT_CLASS = YES_ERROR;
				CLANG_WARN_QUOTED_INCLUDE_IN_FRAMEWORK_HEADER = YES;
				CLANG_WARN_RANGE_LOOP_ANALYSIS = YES;
				CLANG_WARN_STRICT_PROTOTYPES = YES;
				CLANG_WARN_SUSPICIOUS_MOVE = YES;
				CLANG_WARN_UNGUARDED_AVAILABILITY = YES_AGGRESSIVE;
				CLANG_WARN_UNREACHABLE_CODE = YES;
				CLANG_WARN__DUPLICATE_METHOD_MATCH = YES;
				COPY_PHASE_STRIP = NO;
				DEBUG_INFORMATION_FORMAT = dwarf;
				ENABLE_STRICT_OBJC_MSGSEND = YES;
				ENABLE_TESTABILITY = YES;
				ENABLE_USER_SCRIPT_SANDBOXING = YES;
				GCC_C_LANGUAGE_STANDARD = gnu17;
				GCC_DYNAMIC_NO_PIC = NO;
				GCC_NO_COMMON_BLOCKS = YES;
				GCC_OPTIMIZATION_LEVEL = 0;
				GCC_PREPROCESSOR_DEFINITIONS = (
					"DEBUG=1",
					"$(inherited)",
				);
				GCC_WARN_64_TO_32_BIT_CONVERSION = YES;
				GCC_WARN_ABOUT_RETURN_TYPE = YES_ERROR;
				GCC_WARN_UNDECLARED_SELECTOR = YES;
				GCC_WARN_UNINITIALIZED_AUTOS = YES_AGGRESSIVE;
				GCC_WARN_UNUSED_FUNCTION = YES;
				GCC_WARN_UNUSED_VARIABLE = YES;
				IPHONEOS_DEPLOYMENT_TARGET = 17.2;
				LOCALIZATION_PREFERS_STRING_CATALOGS = YES;
				MTL_ENABLE_DEBUG_INFO = INCLUDE_SOURCE;
				MTL_FAST_MATH = YES;
				ONLY_ACTIVE_ARCH = YES;
				SDKROOT = iphoneos;
				SWIFT_ACTIVE_COMPILATION_CONDITIONS = "DEBUG $(inherited)";
				SWIFT_OPTIMIZATION_LEVEL = "-Onone";
			};
			name = Debug;
		};
		C7AC6CF12B5503D900697D07 /* Release */ = {
			isa = XCBuildConfiguration;
			buildSettings = {
				ALWAYS_SEARCH_USER_PATHS = NO;
				ASSETCATALOG_COMPILER_GENERATE_SWIFT_ASSET_SYMBOL_EXTENSIONS = YES;
				CLANG_ANALYZER_NONNULL = YES;
				CLANG_ANALYZER_NUMBER_OBJECT_CONVERSION = YES_AGGRESSIVE;
				CLANG_CXX_LANGUAGE_STANDARD = "gnu++20";
				CLANG_ENABLE_MODULES = YES;
				CLANG_ENABLE_OBJC_ARC = YES;
				CLANG_ENABLE_OBJC_WEAK = YES;
				CLANG_WARN_BLOCK_CAPTURE_AUTORELEASING = YES;
				CLANG_WARN_BOOL_CONVERSION = YES;
				CLANG_WARN_COMMA = YES;
				CLANG_WARN_CONSTANT_CONVERSION = YES;
				CLANG_WARN_DEPRECATED_OBJC_IMPLEMENTATIONS = YES;
				CLANG_WARN_DIRECT_OBJC_ISA_USAGE = YES_ERROR;
				CLANG_WARN_DOCUMENTATION_COMMENTS = YES;
				CLANG_WARN_EMPTY_BODY = YES;
				CLANG_WARN_ENUM_CONVERSION = YES;
				CLANG_WARN_INFINITE_RECURSION = YES;
				CLANG_WARN_INT_CONVERSION = YES;
				CLANG_WARN_NON_LITERAL_NULL_CONVERSION = YES;
				CLANG_WARN_OBJC_IMPLICIT_RETAIN_SELF = YES;
				CLANG_WARN_OBJC_LITERAL_CONVERSION = YES;
				CLANG_WARN_OBJC_ROOT_CLASS = YES_ERROR;
				CLANG_WARN_QUOTED_INCLUDE_IN_FRAMEWORK_HEADER = YES;
				CLANG_WARN_RANGE_LOOP_ANALYSIS = YES;
				CLANG_WARN_STRICT_PROTOTYPES = YES;
				CLANG_WARN_SUSPICIOUS_MOVE = YES;
				CLANG_WARN_UNGUARDED_AVAILABILITY = YES_AGGRESSIVE;
				CLANG_WARN_UNREACHABLE_CODE = YES;
				CLANG_WARN__DUPLICATE_METHOD_MATCH = YES;
				COPY_PHASE_STRIP = NO;
				DEBUG_INFORMATION_FORMAT = "dwarf-with-dsym";
				ENABLE_NS_ASSERTIONS = NO;
				ENABLE_STRICT_OBJC_MSGSEND = YES;
				ENABLE_USER_SCRIPT_SANDBOXING = YES;
				GCC_C_LANGUAGE_STANDARD = gnu17;
				GCC_NO_COMMON_BLOCKS = YES;
				GCC_WARN_64_TO_32_BIT_CONVERSION = YES;
				GCC_WARN_ABOUT_RETURN_TYPE = YES_ERROR;
				GCC_WARN_UNDECLARED_SELECTOR = YES;
				GCC_WARN_UNINITIALIZED_AUTOS = YES_AGGRESSIVE;
				GCC_WARN_UNUSED_FUNCTION = YES;
				GCC_WARN_UNUSED_VARIABLE = YES;
				IPHONEOS_DEPLOYMENT_TARGET = 17.2;
				LOCALIZATION_PREFERS_STRING_CATALOGS = YES;
				MTL_ENABLE_DEBUG_INFO = NO;
				MTL_FAST_MATH = YES;
				SDKROOT = iphoneos;
				SWIFT_COMPILATION_MODE = wholemodule;
				VALIDATE_PRODUCT = YES;
			};
			name = Release;
		};
		C7AC6CF32B5503D900697D07 /* Debug */ = {
			isa = XCBuildConfiguration;
			buildSettings = {
				ASSETCATALOG_COMPILER_APPICON_NAME = AppIcon;
				ASSETCATALOG_COMPILER_GLOBAL_ACCENT_COLOR_NAME = AccentColor;
				CODE_SIGN_STYLE = Automatic;
				CURRENT_PROJECT_VERSION = 1;
				DEVELOPMENT_ASSET_PATHS = "\"ChatGPTAPP/Preview Content\"";
				DEVELOPMENT_TEAM = 2A8H49QXG6;
				ENABLE_PREVIEWS = YES;
				GENERATE_INFOPLIST_FILE = YES;
				INFOPLIST_KEY_UIApplicationSceneManifest_Generation = YES;
				INFOPLIST_KEY_UIApplicationSupportsIndirectInputEvents = YES;
				INFOPLIST_KEY_UILaunchScreen_Generation = YES;
				INFOPLIST_KEY_UISupportedInterfaceOrientations_iPad = "UIInterfaceOrientationPortrait UIInterfaceOrientationPortraitUpsideDown UIInterfaceOrientationLandscapeLeft UIInterfaceOrientationLandscapeRight";
				INFOPLIST_KEY_UISupportedInterfaceOrientations_iPhone = "UIInterfaceOrientationPortrait UIInterfaceOrientationLandscapeLeft UIInterfaceOrientationLandscapeRight";
				LD_RUNPATH_SEARCH_PATHS = (
					"$(inherited)",
					"@executable_path/Frameworks",
				);
				MARKETING_VERSION = 1.0;
				PRODUCT_BUNDLE_IDENTIFIER = com.lophiester.ChatGPTAPP;
				PRODUCT_NAME = "$(TARGET_NAME)";
				SWIFT_EMIT_LOC_STRINGS = YES;
				SWIFT_VERSION = 5.0;
				TARGETED_DEVICE_FAMILY = "1,2";
			};
			name = Debug;
		};
		C7AC6CF42B5503D900697D07 /* Release */ = {
			isa = XCBuildConfiguration;
			buildSettings = {
				ASSETCATALOG_COMPILER_APPICON_NAME = AppIcon;
				ASSETCATALOG_COMPILER_GLOBAL_ACCENT_COLOR_NAME = AccentColor;
				CODE_SIGN_STYLE = Automatic;
				CURRENT_PROJECT_VERSION = 1;
				DEVELOPMENT_ASSET_PATHS = "\"ChatGPTAPP/Preview Content\"";
				DEVELOPMENT_TEAM = 2A8H49QXG6;
				ENABLE_PREVIEWS = YES;
				GENERATE_INFOPLIST_FILE = YES;
				INFOPLIST_KEY_UIApplicationSceneManifest_Generation = YES;
				INFOPLIST_KEY_UIApplicationSupportsIndirectInputEvents = YES;
				INFOPLIST_KEY_UILaunchScreen_Generation = YES;
				INFOPLIST_KEY_UISupportedInterfaceOrientations_iPad = "UIInterfaceOrientationPortrait UIInterfaceOrientationPortraitUpsideDown UIInterfaceOrientationLandscapeLeft UIInterfaceOrientationLandscapeRight";
				INFOPLIST_KEY_UISupportedInterfaceOrientations_iPhone = "UIInterfaceOrientationPortrait UIInterfaceOrientationLandscapeLeft UIInterfaceOrientationLandscapeRight";
				LD_RUNPATH_SEARCH_PATHS = (
					"$(inherited)",
					"@executable_path/Frameworks",
				);
				MARKETING_VERSION = 1.0;
				PRODUCT_BUNDLE_IDENTIFIER = com.lophiester.ChatGPTAPP;
				PRODUCT_NAME = "$(TARGET_NAME)";
				SWIFT_EMIT_LOC_STRINGS = YES;
				SWIFT_VERSION = 5.0;
				TARGETED_DEVICE_FAMILY = "1,2";
			};
			name = Release;
		};
/* End XCBuildConfiguration section */

/* Begin XCConfigurationList section */
		C7AC6CDF2B5503D800697D07 /* Build configuration list for PBXProject "ChatGPTAPP" */ = {
			isa = XCConfigurationList;
			buildConfigurations = (
				C7AC6CF02B5503D900697D07 /* Debug */,
				C7AC6CF12B5503D900697D07 /* Release */,
			);
			defaultConfigurationIsVisible = 0;
			defaultConfigurationName = Release;
		};
		C7AC6CF22B5503D900697D07 /* Build configuration list for PBXNativeTarget "ChatGPTAPP" */ = {
			isa = XCConfigurationList;
			buildConfigurations = (
				C7AC6CF32B5503D900697D07 /* Debug */,
				C7AC6CF42B5503D900697D07 /* Release */,
			);
			defaultConfigurationIsVisible = 0;
			defaultConfigurationName = Release;
		};
/* End XCConfigurationList section */

/* Begin XCRemoteSwiftPackageReference section */
		C724095B2B5551070092839F /* XCRemoteSwiftPackageReference "firebase-ios-sdk" */ = {
			isa = XCRemoteSwiftPackageReference;
			repositoryURL = "https://github.com/firebase/firebase-ios-sdk";
			requirement = {
				kind = upToNextMajorVersion;
				minimumVersion = 10.19.1;
			};
		};
/* End XCRemoteSwiftPackageReference section */

/* Begin XCSwiftPackageProductDependency section */
		C7049FAE2B56AC0F00F0D94F /* FirebaseAnalytics */ = {
			isa = XCSwiftPackageProductDependency;
			package = C724095B2B5551070092839F /* XCRemoteSwiftPackageReference "firebase-ios-sdk" */;
			productName = FirebaseAnalytics;
		};
		C7049FB02B56AC0F00F0D94F /* FirebaseAnalyticsOnDeviceConversion */ = {
			isa = XCSwiftPackageProductDependency;
			package = C724095B2B5551070092839F /* XCRemoteSwiftPackageReference "firebase-ios-sdk" */;
			productName = FirebaseAnalyticsOnDeviceConversion;
		};
		C7049FB22B56AC0F00F0D94F /* FirebaseAnalyticsSwift */ = {
			isa = XCSwiftPackageProductDependency;
			package = C724095B2B5551070092839F /* XCRemoteSwiftPackageReference "firebase-ios-sdk" */;
			productName = FirebaseAnalyticsSwift;
		};
		C7049FB42B56AC0F00F0D94F /* FirebaseAnalyticsWithoutAdIdSupport */ = {
			isa = XCSwiftPackageProductDependency;
			package = C724095B2B5551070092839F /* XCRemoteSwiftPackageReference "firebase-ios-sdk" */;
			productName = FirebaseAnalyticsWithoutAdIdSupport;
		};
		C7049FB62B56AC0F00F0D94F /* FirebaseAppCheck */ = {
			isa = XCSwiftPackageProductDependency;
			package = C724095B2B5551070092839F /* XCRemoteSwiftPackageReference "firebase-ios-sdk" */;
			productName = FirebaseAppCheck;
		};
		C7049FB82B56AC0F00F0D94F /* FirebaseAppDistribution-Beta */ = {
			isa = XCSwiftPackageProductDependency;
			package = C724095B2B5551070092839F /* XCRemoteSwiftPackageReference "firebase-ios-sdk" */;
			productName = "FirebaseAppDistribution-Beta";
		};
		C7049FBA2B56AC0F00F0D94F /* FirebaseAuth */ = {
			isa = XCSwiftPackageProductDependency;
			package = C724095B2B5551070092839F /* XCRemoteSwiftPackageReference "firebase-ios-sdk" */;
			productName = FirebaseAuth;
		};
		C7049FBC2B56AC0F00F0D94F /* FirebaseAuthCombine-Community */ = {
			isa = XCSwiftPackageProductDependency;
			package = C724095B2B5551070092839F /* XCRemoteSwiftPackageReference "firebase-ios-sdk" */;
			productName = "FirebaseAuthCombine-Community";
		};
		C7049FBE2B56AC0F00F0D94F /* FirebaseCrashlytics */ = {
			isa = XCSwiftPackageProductDependency;
			package = C724095B2B5551070092839F /* XCRemoteSwiftPackageReference "firebase-ios-sdk" */;
			productName = FirebaseCrashlytics;
		};
		C7049FC02B56AC0F00F0D94F /* FirebaseDatabase */ = {
			isa = XCSwiftPackageProductDependency;
			package = C724095B2B5551070092839F /* XCRemoteSwiftPackageReference "firebase-ios-sdk" */;
			productName = FirebaseDatabase;
		};
		C7049FC22B56AC0F00F0D94F /* FirebaseDatabaseSwift */ = {
			isa = XCSwiftPackageProductDependency;
			package = C724095B2B5551070092839F /* XCRemoteSwiftPackageReference "firebase-ios-sdk" */;
			productName = FirebaseDatabaseSwift;
		};
		C7049FC42B56AC0F00F0D94F /* FirebaseDynamicLinks */ = {
			isa = XCSwiftPackageProductDependency;
			package = C724095B2B5551070092839F /* XCRemoteSwiftPackageReference "firebase-ios-sdk" */;
			productName = FirebaseDynamicLinks;
		};
		C7049FC62B56AC0F00F0D94F /* FirebaseFirestore */ = {
			isa = XCSwiftPackageProductDependency;
			package = C724095B2B5551070092839F /* XCRemoteSwiftPackageReference "firebase-ios-sdk" */;
			productName = FirebaseFirestore;
		};
		C7049FC82B56AC0F00F0D94F /* FirebaseFirestoreCombine-Community */ = {
			isa = XCSwiftPackageProductDependency;
			package = C724095B2B5551070092839F /* XCRemoteSwiftPackageReference "firebase-ios-sdk" */;
			productName = "FirebaseFirestoreCombine-Community";
		};
		C7049FCA2B56AC0F00F0D94F /* FirebaseFirestoreSwift */ = {
			isa = XCSwiftPackageProductDependency;
			package = C724095B2B5551070092839F /* XCRemoteSwiftPackageReference "firebase-ios-sdk" */;
			productName = FirebaseFirestoreSwift;
		};
		C7049FCC2B56AC0F00F0D94F /* FirebaseFunctions */ = {
			isa = XCSwiftPackageProductDependency;
			package = C724095B2B5551070092839F /* XCRemoteSwiftPackageReference "firebase-ios-sdk" */;
			productName = FirebaseFunctions;
		};
		C7049FCE2B56AC0F00F0D94F /* FirebaseFunctionsCombine-Community */ = {
			isa = XCSwiftPackageProductDependency;
			package = C724095B2B5551070092839F /* XCRemoteSwiftPackageReference "firebase-ios-sdk" */;
			productName = "FirebaseFunctionsCombine-Community";
		};
		C7049FD02B56AC0F00F0D94F /* FirebaseInAppMessaging-Beta */ = {
			isa = XCSwiftPackageProductDependency;
			package = C724095B2B5551070092839F /* XCRemoteSwiftPackageReference "firebase-ios-sdk" */;
			productName = "FirebaseInAppMessaging-Beta";
		};
		C7049FD22B56AC0F00F0D94F /* FirebaseInAppMessagingSwift-Beta */ = {
			isa = XCSwiftPackageProductDependency;
			package = C724095B2B5551070092839F /* XCRemoteSwiftPackageReference "firebase-ios-sdk" */;
			productName = "FirebaseInAppMessagingSwift-Beta";
		};
		C7049FD42B56AC0F00F0D94F /* FirebaseInstallations */ = {
			isa = XCSwiftPackageProductDependency;
			package = C724095B2B5551070092839F /* XCRemoteSwiftPackageReference "firebase-ios-sdk" */;
			productName = FirebaseInstallations;
		};
		C7049FD62B56AC0F00F0D94F /* FirebaseMLModelDownloader */ = {
			isa = XCSwiftPackageProductDependency;
			package = C724095B2B5551070092839F /* XCRemoteSwiftPackageReference "firebase-ios-sdk" */;
			productName = FirebaseMLModelDownloader;
		};
		C7049FD82B56AC0F00F0D94F /* FirebaseMessaging */ = {
			isa = XCSwiftPackageProductDependency;
			package = C724095B2B5551070092839F /* XCRemoteSwiftPackageReference "firebase-ios-sdk" */;
			productName = FirebaseMessaging;
		};
		C7049FDA2B56AC0F00F0D94F /* FirebasePerformance */ = {
			isa = XCSwiftPackageProductDependency;
			package = C724095B2B5551070092839F /* XCRemoteSwiftPackageReference "firebase-ios-sdk" */;
			productName = FirebasePerformance;
		};
		C7049FDC2B56AC0F00F0D94F /* FirebaseRemoteConfig */ = {
			isa = XCSwiftPackageProductDependency;
			package = C724095B2B5551070092839F /* XCRemoteSwiftPackageReference "firebase-ios-sdk" */;
			productName = FirebaseRemoteConfig;
		};
		C7049FDE2B56AC0F00F0D94F /* FirebaseRemoteConfigSwift */ = {
			isa = XCSwiftPackageProductDependency;
			package = C724095B2B5551070092839F /* XCRemoteSwiftPackageReference "firebase-ios-sdk" */;
			productName = FirebaseRemoteConfigSwift;
		};
		C7049FE02B56AC0F00F0D94F /* FirebaseStorage */ = {
			isa = XCSwiftPackageProductDependency;
			package = C724095B2B5551070092839F /* XCRemoteSwiftPackageReference "firebase-ios-sdk" */;
			productName = FirebaseStorage;
		};
		C7049FE22B56AC0F00F0D94F /* FirebaseStorageCombine-Community */ = {
			isa = XCSwiftPackageProductDependency;
			package = C724095B2B5551070092839F /* XCRemoteSwiftPackageReference "firebase-ios-sdk" */;
			productName = "FirebaseStorageCombine-Community";
		};
		C724095C2B5551070092839F /* FirebaseAnalytics */ = {
			isa = XCSwiftPackageProductDependency;
			package = C724095B2B5551070092839F /* XCRemoteSwiftPackageReference "firebase-ios-sdk" */;
			productName = FirebaseAnalytics;
		};
		C724095E2B5551070092839F /* FirebaseAnalyticsOnDeviceConversion */ = {
			isa = XCSwiftPackageProductDependency;
			package = C724095B2B5551070092839F /* XCRemoteSwiftPackageReference "firebase-ios-sdk" */;
			productName = FirebaseAnalyticsOnDeviceConversion;
		};
		C72409602B5551070092839F /* FirebaseAnalyticsSwift */ = {
			isa = XCSwiftPackageProductDependency;
			package = C724095B2B5551070092839F /* XCRemoteSwiftPackageReference "firebase-ios-sdk" */;
			productName = FirebaseAnalyticsSwift;
		};
		C72409622B5551070092839F /* FirebaseAnalyticsWithoutAdIdSupport */ = {
			isa = XCSwiftPackageProductDependency;
			package = C724095B2B5551070092839F /* XCRemoteSwiftPackageReference "firebase-ios-sdk" */;
			productName = FirebaseAnalyticsWithoutAdIdSupport;
		};
		C72409642B5551070092839F /* FirebaseAppCheck */ = {
			isa = XCSwiftPackageProductDependency;
			package = C724095B2B5551070092839F /* XCRemoteSwiftPackageReference "firebase-ios-sdk" */;
			productName = FirebaseAppCheck;
		};
		C72409662B5551070092839F /* FirebaseAppDistribution-Beta */ = {
			isa = XCSwiftPackageProductDependency;
			package = C724095B2B5551070092839F /* XCRemoteSwiftPackageReference "firebase-ios-sdk" */;
			productName = "FirebaseAppDistribution-Beta";
		};
		C72409682B5551070092839F /* FirebaseAuth */ = {
			isa = XCSwiftPackageProductDependency;
			package = C724095B2B5551070092839F /* XCRemoteSwiftPackageReference "firebase-ios-sdk" */;
			productName = FirebaseAuth;
		};
		C724096A2B5551070092839F /* FirebaseAuthCombine-Community */ = {
			isa = XCSwiftPackageProductDependency;
			package = C724095B2B5551070092839F /* XCRemoteSwiftPackageReference "firebase-ios-sdk" */;
			productName = "FirebaseAuthCombine-Community";
		};
		C724096C2B5551070092839F /* FirebaseCrashlytics */ = {
			isa = XCSwiftPackageProductDependency;
			package = C724095B2B5551070092839F /* XCRemoteSwiftPackageReference "firebase-ios-sdk" */;
			productName = FirebaseCrashlytics;
		};
		C724096E2B5551070092839F /* FirebaseDatabase */ = {
			isa = XCSwiftPackageProductDependency;
			package = C724095B2B5551070092839F /* XCRemoteSwiftPackageReference "firebase-ios-sdk" */;
			productName = FirebaseDatabase;
		};
		C72409702B5551070092839F /* FirebaseDatabaseSwift */ = {
			isa = XCSwiftPackageProductDependency;
			package = C724095B2B5551070092839F /* XCRemoteSwiftPackageReference "firebase-ios-sdk" */;
			productName = FirebaseDatabaseSwift;
		};
		C72409722B5551070092839F /* FirebaseDynamicLinks */ = {
			isa = XCSwiftPackageProductDependency;
			package = C724095B2B5551070092839F /* XCRemoteSwiftPackageReference "firebase-ios-sdk" */;
			productName = FirebaseDynamicLinks;
		};
		C72409742B5551070092839F /* FirebaseFirestore */ = {
			isa = XCSwiftPackageProductDependency;
			package = C724095B2B5551070092839F /* XCRemoteSwiftPackageReference "firebase-ios-sdk" */;
			productName = FirebaseFirestore;
		};
		C72409762B5551070092839F /* FirebaseFirestoreCombine-Community */ = {
			isa = XCSwiftPackageProductDependency;
			package = C724095B2B5551070092839F /* XCRemoteSwiftPackageReference "firebase-ios-sdk" */;
			productName = "FirebaseFirestoreCombine-Community";
		};
		C72409782B5551070092839F /* FirebaseFirestoreSwift */ = {
			isa = XCSwiftPackageProductDependency;
			package = C724095B2B5551070092839F /* XCRemoteSwiftPackageReference "firebase-ios-sdk" */;
			productName = FirebaseFirestoreSwift;
		};
		C724097A2B5551070092839F /* FirebaseFunctions */ = {
			isa = XCSwiftPackageProductDependency;
			package = C724095B2B5551070092839F /* XCRemoteSwiftPackageReference "firebase-ios-sdk" */;
			productName = FirebaseFunctions;
		};
		C724097C2B5551070092839F /* FirebaseFunctionsCombine-Community */ = {
			isa = XCSwiftPackageProductDependency;
			package = C724095B2B5551070092839F /* XCRemoteSwiftPackageReference "firebase-ios-sdk" */;
			productName = "FirebaseFunctionsCombine-Community";
		};
		C724097E2B5551070092839F /* FirebaseInAppMessaging-Beta */ = {
			isa = XCSwiftPackageProductDependency;
			package = C724095B2B5551070092839F /* XCRemoteSwiftPackageReference "firebase-ios-sdk" */;
			productName = "FirebaseInAppMessaging-Beta";
		};
		C72409802B5551070092839F /* FirebaseInAppMessagingSwift-Beta */ = {
			isa = XCSwiftPackageProductDependency;
			package = C724095B2B5551070092839F /* XCRemoteSwiftPackageReference "firebase-ios-sdk" */;
			productName = "FirebaseInAppMessagingSwift-Beta";
		};
		C72409822B5551070092839F /* FirebaseInstallations */ = {
			isa = XCSwiftPackageProductDependency;
			package = C724095B2B5551070092839F /* XCRemoteSwiftPackageReference "firebase-ios-sdk" */;
			productName = FirebaseInstallations;
		};
		C72409842B5551070092839F /* FirebaseMLModelDownloader */ = {
			isa = XCSwiftPackageProductDependency;
			package = C724095B2B5551070092839F /* XCRemoteSwiftPackageReference "firebase-ios-sdk" */;
			productName = FirebaseMLModelDownloader;
		};
		C72409862B5551070092839F /* FirebaseMessaging */ = {
			isa = XCSwiftPackageProductDependency;
			package = C724095B2B5551070092839F /* XCRemoteSwiftPackageReference "firebase-ios-sdk" */;
			productName = FirebaseMessaging;
		};
		C72409882B5551070092839F /* FirebasePerformance */ = {
			isa = XCSwiftPackageProductDependency;
			package = C724095B2B5551070092839F /* XCRemoteSwiftPackageReference "firebase-ios-sdk" */;
			productName = FirebasePerformance;
		};
		C724098A2B5551070092839F /* FirebaseRemoteConfig */ = {
			isa = XCSwiftPackageProductDependency;
			package = C724095B2B5551070092839F /* XCRemoteSwiftPackageReference "firebase-ios-sdk" */;
			productName = FirebaseRemoteConfig;
		};
		C724098C2B5551070092839F /* FirebaseRemoteConfigSwift */ = {
			isa = XCSwiftPackageProductDependency;
			package = C724095B2B5551070092839F /* XCRemoteSwiftPackageReference "firebase-ios-sdk" */;
			productName = FirebaseRemoteConfigSwift;
		};
		C724098E2B5551070092839F /* FirebaseStorage */ = {
			isa = XCSwiftPackageProductDependency;
			package = C724095B2B5551070092839F /* XCRemoteSwiftPackageReference "firebase-ios-sdk" */;
			productName = FirebaseStorage;
		};
		C72409902B5551070092839F /* FirebaseStorageCombine-Community */ = {
			isa = XCSwiftPackageProductDependency;
			package = C724095B2B5551070092839F /* XCRemoteSwiftPackageReference "firebase-ios-sdk" */;
			productName = "FirebaseStorageCombine-Community";
		};
/* End XCSwiftPackageProductDependency section */
	};
	rootObject = C7AC6CDC2B5503D800697D07 /* Project object */;
}
